#
# This file is autogenerated by pip-compile with Python 3.13
# by the following command:
#
#    pip-compile --extra=agent --extra=dev --extra=knowledge --no-index --output-file=requirements.lock pyproject.toml
#
agent-client-protocol==0.12.1
    # via openhands-sdk
aiofile==3.12.3
    # via py-key-value-aio
aiofiles==25.1.0
    # via bubus
aiohappyeyeballs==2.7.1
    # via aiohttp
aiohttp==3.14.3
    # via
    #   browser-use
    #   litellm
aiosignal==1.4.0
    # via aiohttp
annotated-doc==0.0.5
    # via typer
annotated-types==0.8.0
    # via pydantic
anthropic==0.125.0
    # via browser-use
anyio==4.15.1
    # via
    #   anthropic
    #   browser-use
    #   bubus
    #   google-genai
    #   groq
    #   httpx
    #   mcp
    #   openai
    #   py-key-value-aio
    #   sse-starlette
    #   starlette
    #   watchfiles
attrs==26.1.0
    # via
    #   aiohttp
    #   cyclopts
    #   jsonschema
    #   jsonschema-path
    #   referencing
authlib==1.8.0
    # via
    #   browser-use
    #   fastmcp-slim
backoff==2.2.1
    # via posthog
beartype==0.22.9
    # via py-key-value-aio
beautifulsoup4==4.15.0
    # via markdownify
binaryornot==0.6.0
    # via openhands-tools
blake3==1.0.9
    # via lmnr
boto3==1.43.100
    # via litellm
botocore==1.43.100
    # via
    #   boto3
    #   s3transfer
browser-use==0.11.13
    # via openhands-tools
browser-use-sdk==3.11.3
    # via browser-use
bubus==1.5.6
    # via browser-use
build==1.6.1
    # via pip-tools
cachetools==7.2.0
    # via
    #   openhands-tools
    #   py-key-value-aio
caio==0.12.4
    # via aiofile
cdp-use==1.4.5
    # via browser-use
certifi==2026.7.22
    # via
    #   httpcore
    #   httpx
    #   requests
cffi==2.1.1
    # via cryptography
charset-normalizer==3.5.1
    # via
    #   reportlab
    #   requests
click==8.5.0
    # via
    #   browser-use
    #   huggingface-hub
    #   litellm
    #   pip-tools
    #   uvicorn
cloudpickle==3.1.2
    # via browser-use
coloredlogs==15.0.1
    # via onnxruntime
coverage[toml]==7.16.1
    # via pytest-cov
cryptography==50.0.1
    # via
    #   authlib
    #   google-auth
    #   joserfc
    #   pyjwt
cyclopts==4.25.3
    # via fastmcp-slim
cython==3.3.0
    # via screeninfo
deprecation==2.1.0
    # via openhands-sdk
distro==1.9.0
    # via
    #   anthropic
    #   google-genai
    #   groq
    #   openai
    #   posthog
dnspython==2.8.0
    # via email-validator
docstring-parser==0.18.0
    # via
    #   anthropic
    #   cyclopts
email-validator==2.3.0
    # via pydantic
exceptiongroup==1.3.1
    # via fastmcp-slim
fakeredis[lua]==2.38.0
    # via openhands-sdk
fastembed==0.8.1
    # via novatom-tcad-agent (pyproject.toml)
fastmcp==3.4.7
    # via openhands-sdk
fastmcp-slim[client,server]==3.4.7
    # via fastmcp
fastuuid==0.14.0
    # via litellm
filelock==4.0.1
    # via
    #   huggingface-hub
    #   openhands-sdk
flatbuffers==25.12.19
    # via onnxruntime
flexcache==0.3
    # via pint
flexparser==0.4
    # via pint
frozenlist==1.8.0
    # via
    #   aiohttp
    #   aiosignal
fsspec==2026.9.0
    # via huggingface-hub
func-timeout==4.3.5
    # via openhands-tools
google-api-core==2.38.0
    # via
    #   browser-use
    #   google-api-python-client
google-api-python-client==2.200.0
    # via browser-use
google-auth[requests]==2.58.0
    # via
    #   browser-use
    #   google-api-core
    #   google-api-python-client
    #   google-auth-httplib2
    #   google-auth-oauthlib
    #   google-genai
google-auth-httplib2==0.4.2
    # via google-api-python-client
google-auth-oauthlib==1.4.1
    # via browser-use
google-genai==1.75.0
    # via browser-use
googleapis-common-protos==1.75.3
    # via
    #   google-api-core
    #   opentelemetry-exporter-otlp-proto-grpc
    #   opentelemetry-exporter-otlp-proto-http
griffelib==2.3.0
    # via fastmcp-slim
groq==1.7.0
    # via browser-use
grpcio==1.84.0
    # via
    #   lmnr
    #   opentelemetry-exporter-otlp-proto-grpc
h11==0.16.0
    # via
    #   httpcore
    #   uvicorn
hf-xet==1.6.0
    # via huggingface-hub
httpcore==1.0.9
    # via httpx
httplib2==0.32.0
    # via
    #   google-api-python-client
    #   google-auth-httplib2
httpx[socks]==0.28.1
    # via
    #   anthropic
    #   browser-use
    #   browser-use-sdk
    #   cdp-use
    #   fastmcp-slim
    #   google-genai
    #   groq
    #   huggingface-hub
    #   litellm
    #   lmnr
    #   lmnr-claude-code-proxy
    #   mcp
    #   ollama
    #   openai
    #   openhands-sdk
httpx-sse==0.4.3
    # via mcp
huggingface-hub==1.32.0
    # via
    #   fastembed
    #   tokenizers
humanfriendly==10.0
    # via coloredlogs
idna==3.18
    # via
    #   anyio
    #   browser-use-sdk
    #   email-validator
    #   httpx
    #   requests
    #   yarl
importlib-metadata==8.9.0
    # via litellm
iniconfig==2.3.0
    # via pytest
inquirerpy==0.3.4
    # via browser-use
jaraco-classes==3.4.0
    # via keyring
jaraco-context==6.1.2
    # via keyring
jaraco-functools==4.6.0
    # via keyring
jinja2==3.1.6
    # via
    #   litellm
    #   novatom-tcad-agent (pyproject.toml)
    #   tom-swe
jiter==0.17.0
    # via
    #   anthropic
    #   openai
jmespath==1.1.0
    # via
    #   boto3
    #   botocore
joserfc==1.7.5
    # via
    #   authlib
    #   fastmcp-slim
    #   openhands-sdk
json-repair==0.63.5
    # via tom-swe
jsonref==1.1.0
    # via fastmcp-slim
jsonschema==4.26.0
    # via
    #   litellm
    #   mcp
    #   openhands-sdk
jsonschema-path==0.5.0
    # via fastmcp-slim
jsonschema-specifications==2025.9.1
    # via jsonschema
keyring==25.7.0
    # via py-key-value-aio
librt==0.15.0
    # via mypy
libtmux==0.62.0
    # via openhands-tools
litellm==1.102.1
    # via
    #   openhands-sdk
    #   tom-swe
lmnr==0.7.64
    # via openhands-sdk
lmnr-claude-code-proxy==0.1.24
    # via lmnr
loguru==0.7.3
    # via fastembed
lupa==2.8
    # via fakeredis
lxml==6.1.3
    # via python-docx
markdown-it-py==4.2.0
    # via rich
markdownify==1.2.3
    # via browser-use
markupsafe==3.0.3
    # via jinja2
mcp==1.30.0
    # via
    #   browser-use
    #   fastmcp-slim
mdurl==0.1.2
    # via markdown-it-py
mmh3==5.3.0
    # via fastembed
more-itertools==11.1.0
    # via
    #   jaraco-classes
    #   jaraco-functools
mpmath==1.3.0
    # via sympy
multidict==6.9.1
    # via
    #   aiohttp
    #   yarl
mypy==1.20.2
    # via novatom-tcad-agent (pyproject.toml)
mypy-extensions==1.1.0
    # via mypy
numpy==2.5.3
    # via
    #   fastembed
    #   novatom-tcad-agent (pyproject.toml)
    #   onnxruntime
oauthlib==3.3.1
    # via requests-oauthlib
ollama==0.6.2
    # via browser-use
onnxruntime==1.23.2
    # via fastembed
openai==2.54.0
    # via
    #   browser-use
    #   litellm
openapi-pydantic==0.5.1
    # via fastmcp-slim
openhands-sdk==1.49.4
    # via
    #   novatom-tcad-agent (pyproject.toml)
    #   openhands-tools
openhands-tools==1.49.4
    # via novatom-tcad-agent (pyproject.toml)
opentelemetry-api==1.44.0
    # via
    #   fastmcp-slim
    #   google-api-core
    #   lmnr
    #   opentelemetry-exporter-otlp-proto-grpc
    #   opentelemetry-exporter-otlp-proto-http
    #   opentelemetry-instrumentation
    #   opentelemetry-instrumentation-threading
    #   opentelemetry-sdk
    #   opentelemetry-semantic-conventions
opentelemetry-exporter-otlp-proto-common==1.44.0
    # via
    #   opentelemetry-exporter-otlp-proto-grpc
    #   opentelemetry-exporter-otlp-proto-http
opentelemetry-exporter-otlp-proto-grpc==1.44.0
    # via lmnr
opentelemetry-exporter-otlp-proto-http==1.44.0
    # via lmnr
opentelemetry-instrumentation==0.65b0
    # via
    #   lmnr
    #   opentelemetry-instrumentation-threading
opentelemetry-instrumentation-threading==0.65b0
    # via lmnr
opentelemetry-proto==1.44.0
    # via
    #   opentelemetry-exporter-otlp-proto-common
    #   opentelemetry-exporter-otlp-proto-grpc
    #   opentelemetry-exporter-otlp-proto-http
opentelemetry-sdk==1.44.0
    # via
    #   lmnr
    #   opentelemetry-exporter-otlp-proto-grpc
    #   opentelemetry-exporter-otlp-proto-http
opentelemetry-semantic-conventions==0.65b0
    # via
    #   lmnr
    #   opentelemetry-instrumentation
    #   opentelemetry-sdk
opentelemetry-semantic-conventions-ai==0.4.13
    # via lmnr
orjson==3.12.0
    # via lmnr
packaging==26.3
    # via
    #   build
    #   deprecation
    #   fastmcp-slim
    #   huggingface-hub
    #   lmnr
    #   onnxruntime
    #   opentelemetry-instrumentation
    #   pytest
    #   wheel
pathable==0.6.0
    # via jsonschema-path
pathspec==1.1.1
    # via mypy
pfzy==0.3.4
    # via inquirerpy
pillow==12.3.0
    # via
    #   browser-use
    #   fastembed
    #   openhands-sdk
    #   reportlab
pint==0.26.1
    # via novatom-tcad-agent (pyproject.toml)
pip-tools==7.5.2
    # via novatom-tcad-agent (pyproject.toml)
platformdirs==4.11.12
    # via
    #   fastmcp-slim
    #   pint
pluggy==1.6.0
    # via
    #   pytest
    #   pytest-cov
portalocker==2.10.1
    # via
    #   browser-use
    #   bubus
posthog==7.59.0
    # via browser-use
prompt-toolkit==3.0.53
    # via inquirerpy
propcache==0.5.4
    # via
    #   aiohttp
    #   yarl
proto-plus==1.28.4
    # via google-api-core
protobuf==7.36.2
    # via
    #   google-api-core
    #   googleapis-common-protos
    #   onnxruntime
    #   opentelemetry-proto
    #   proto-plus
psutil==7.2.2
    # via browser-use
py-key-value-aio[filetree,keyring,memory]==0.4.6
    # via fastmcp-slim
py-rust-stemmers==0.1.8
    # via fastembed
pyasn1==0.6.4
    # via pyasn1-modules
pyasn1-modules==0.4.2
    # via google-auth
pycparser==3.0
    # via cffi
pydantic[email]==2.13.4
    # via
    #   agent-client-protocol
    #   anthropic
    #   browser-use
    #   browser-use-sdk
    #   bubus
    #   fastmcp-slim
    #   google-genai
    #   groq
    #   litellm
    #   lmnr
    #   mcp
    #   novatom-tcad-agent (pyproject.toml)
    #   ollama
    #   openai
    #   openapi-pydantic
    #   openhands-sdk
    #   openhands-tools
    #   pydantic-settings
    #   tom-swe
pydantic-core==2.46.4
    # via pydantic
pydantic-settings==2.15.0
    # via
    #   fastmcp-slim
    #   litellm
    #   mcp
pygments==2.21.0
    # via
    #   pytest
    #   rich
    #   rich-rst
pyjwt[crypto]==2.14.0
    # via mcp
pyobjc-core==12.2.2
    # via pyobjc-framework-cocoa
pyobjc-framework-cocoa==12.2.2
    # via screeninfo
pyotp==2.10.0
    # via browser-use
pyparsing==3.3.3
    # via httplib2
pypdf==6.19.0
    # via browser-use
pyperclip==1.11.0
    # via fastmcp-slim
pyproject-hooks==1.3.3
    # via
    #   build
    #   pip-tools
pytest==9.1.1
    # via
    #   novatom-tcad-agent (pyproject.toml)
    #   pytest-cov
pytest-cov==7.1.0
    # via novatom-tcad-agent (pyproject.toml)
python-dateutil==2.9.0.post0
    # via botocore
python-docx==1.2.0
    # via browser-use
python-dotenv==1.2.3
    # via
    #   browser-use
    #   fastmcp-slim
    #   litellm
    #   lmnr
    #   pydantic-settings
    #   tom-swe
python-frontmatter==1.3.0
    # via openhands-sdk
python-json-logger==4.2.0
    # via openhands-sdk
python-multipart==0.0.32
    # via
    #   fastmcp-slim
    #   mcp
pyyaml==6.0.3
    # via
    #   fastmcp-slim
    #   huggingface-hub
    #   jsonschema-path
    #   novatom-tcad-agent (pyproject.toml)
    #   python-frontmatter
redis==8.1.0
    # via fakeredis
referencing==0.37.0
    # via
    #   jsonschema
    #   jsonschema-path
    #   jsonschema-specifications
regex==2026.9.10
    # via tiktoken
reportlab==5.0.1
    # via browser-use
requests==2.34.2
    # via
    #   browser-use
    #   fastembed
    #   google-api-core
    #   google-auth
    #   google-genai
    #   opentelemetry-exporter-otlp-proto-http
    #   posthog
    #   requests-oauthlib
    #   tiktoken
requests-oauthlib==2.0.0
    # via google-auth-oauthlib
rich==15.0.0
    # via
    #   browser-use
    #   cyclopts
    #   fastmcp-slim
    #   rich-rst
    #   typer
rich-rst==2.1.0
    # via cyclopts
rpds-py==2026.6.3
    # via
    #   jsonschema
    #   referencing
ruff==0.16.8
    # via novatom-tcad-agent (pyproject.toml)
s3transfer==0.19.2
    # via boto3
screeninfo==0.8.1
    # via browser-use
shellingham==1.5.4
    # via typer
six==1.17.0
    # via
    #   markdownify
    #   python-dateutil
sniffio==1.3.1
    # via
    #   anthropic
    #   google-genai
    #   groq
    #   openai
socksio==1.0.0
    # via httpx
sortedcontainers==2.4.0
    # via fakeredis
soupsieve==2.9.2
    # via beautifulsoup4
sse-starlette==3.4.11
    # via mcp
starlette==1.7.0
    # via
    #   fastmcp-slim
    #   mcp
    #   sse-starlette
sympy==1.14.0
    # via onnxruntime
tenacity==9.1.4
    # via
    #   google-genai
    #   lmnr
    #   openhands-sdk
tiktoken==0.14.0
    # via
    #   litellm
    #   tom-swe
tokenizers==0.23.2
    # via
    #   fastembed
    #   litellm
tom-swe==1.0.3
    # via openhands-tools
tqdm==4.70.1
    # via
    #   fastembed
    #   huggingface-hub
    #   lmnr
    #   openai
    #   tom-swe
tree-sitter==0.26.0
    # via
    #   openhands-sdk
    #   openhands-tools
tree-sitter-bash==0.25.1
    # via
    #   openhands-sdk
    #   openhands-tools
typer==0.27.2
    # via novatom-tcad-agent (pyproject.toml)
types-pyyaml==6.0.12.20260906
    # via novatom-tcad-agent (pyproject.toml)
typing-extensions==4.16.0
    # via
    #   anthropic
    #   anyio
    #   beautifulsoup4
    #   browser-use
    #   bubus
    #   cdp-use
    #   fastmcp-slim
    #   flexcache
    #   flexparser
    #   google-genai
    #   groq
    #   grpcio
    #   huggingface-hub
    #   mcp
    #   mypy
    #   openai
    #   opentelemetry-api
    #   opentelemetry-exporter-otlp-proto-grpc
    #   opentelemetry-exporter-otlp-proto-http
    #   opentelemetry-sdk
    #   opentelemetry-semantic-conventions
    #   pint
    #   posthog
    #   py-key-value-aio
    #   pydantic
    #   pydantic-core
    #   python-docx
    #   typing-inspection
typing-inspection==0.4.4
    # via
    #   mcp
    #   pydantic
    #   pydantic-settings
uncalled-for==0.4.0
    # via fastmcp-slim
uritemplate==4.2.0
    # via google-api-python-client
urllib3==2.8.0
    # via
    #   botocore
    #   requests
uuid7==0.1.0
    # via
    #   browser-use
    #   bubus
uvicorn==0.53.0
    # via
    #   fastmcp-slim
    #   mcp
watchfiles==1.3.0
    # via fastmcp-slim
wcwidth==0.8.4
    # via prompt-toolkit
websockets==16.1.1
    # via
    #   cdp-use
    #   fastmcp-slim
    #   google-genai
    #   openhands-sdk
wheel==0.48.0
    # via pip-tools
wrapt==1.17.3
    # via
    #   lmnr
    #   opentelemetry-instrumentation
    #   opentelemetry-instrumentation-threading
yarl==1.25.1
    # via aiohttp
zipp==4.1.0
    # via importlib-metadata

# The following packages are considered to be unsafe in a requirements file:
# pip
# setuptools
